// !$*UTF8*$!
{
	archiveVersion = 1;
	classes = {
	};
	objectVersion = 46;
	objects = {

/* Begin PBXBuildFile section */
		FE15950B1BF7CDDA008670B4 /* main.m in Sources */ = {isa = PBXBuildFile; fileRef = FE15950A1BF7CDDA008670B4 /* main.m */; };
		FE15950E1BF7CDDA008670B4 /* AppDelegate.m in Sources */ = {isa = PBXBuildFile; fileRef = FE15950D1BF7CDDA008670B4 /* AppDelegate.m */; };
		FE1595111BF7CDDA008670B4 /* ViewController.m in Sources */ = {isa = PBXBuildFile; fileRef = FE1595101BF7CDDA008670B4 /* ViewController.m */; };
		FE1595141BF7CDDA008670B4 /* Main.storyboard in Resources */ = {isa = PBXBuildFile; fileRef = FE1595121BF7CDDA008670B4 /* Main.storyboard */; };
		FE1595161BF7CDDA008670B4 /* Assets.xcassets in Resources */ = {isa = PBXBuildFile; fileRef = FE1595151BF7CDDA008670B4 /* Assets.xcassets */; };
		FE1595191BF7CDDA008670B4 /* LaunchScreen.storyboard in Resources */ = {isa = PBXBuildFile; fileRef = FE1595171BF7CDDA008670B4 /* LaunchScreen.storyboard */; };
		FE1595241BF7CDDA008670B4 /* TrainWithMeTests.m in Sources */ = {isa = PBXBuildFile; fileRef = FE1595231BF7CDDA008670B4 /* TrainWithMeTests.m */; };
		FE15952F1BF7CDDA008670B4 /* TrainWithMeUITests.m in Sources */ = {isa = PBXBuildFile; fileRef = FE15952E1BF7CDDA008670B4 /* TrainWithMeUITests.m */; };
		FEA04C951BF7D267004ACC93 /* Bolts.framework in Frameworks */ = {isa = PBXBuildFile; fileRef = FEA04C931BF7D267004ACC93 /* Bolts.framework */; };
		FEA04C961BF7D268004ACC93 /* Parse.framework in Frameworks */ = {isa = PBXBuildFile; fileRef = FEA04C941BF7D267004ACC93 /* Parse.framework */; };
		FEA04C981BF7D298004ACC93 /* AudioToolbox.framework in Frameworks */ = {isa = PBXBuildFile; fileRef = FEA04C971BF7D298004ACC93 /* AudioToolbox.framework */; };
		FEA04C9A1BF7D2A0004ACC93 /* CFNetwork.framework in Frameworks */ = {isa = PBXBuildFile; fileRef = FEA04C991BF7D2A0004ACC93 /* CFNetwork.framework */; };
		FEA04C9C1BF7D2A9004ACC93 /* CoreGraphics.framework in Frameworks */ = {isa = PBXBuildFile; fileRef = FEA04C9B1BF7D2A9004ACC93 /* CoreGraphics.framework */; };
		FEA04C9E1BF7D2D3004ACC93 /* CoreLocation.framework in Frameworks */ = {isa = PBXBuildFile; fileRef = FEA04C9D1BF7D2D3004ACC93 /* CoreLocation.framework */; };
		FEA04CA01BF7D2D7004ACC93 /* QuartzCore.framework in Frameworks */ = {isa = PBXBuildFile; fileRef = FEA04C9F1BF7D2D7004ACC93 /* QuartzCore.framework */; };
		FEA04CA21BF7D2DC004ACC93 /* Security.framework in Frameworks */ = {isa = PBXBuildFile; fileRef = FEA04CA11BF7D2DC004ACC93 /* Security.framework */; };
		FEA04CA41BF7D2E0004ACC93 /* StoreKit.framework in Frameworks */ = {isa = PBXBuildFile; fileRef = FEA04CA31BF7D2E0004ACC93 /* StoreKit.framework */; };
		FEA04CA61BF7D2E4004ACC93 /* SystemConfiguration.framework in Frameworks */ = {isa = PBXBuildFile; fileRef = FEA04CA51BF7D2E4004ACC93 /* SystemConfiguration.framework */; };
		FEA04CA81BF7D2ED004ACC93 /* libz.tbd in Frameworks */ = {isa = PBXBuildFile; fileRef = FEA04CA71BF7D2ED004ACC93 /* libz.tbd */; };
		FEA04CAA1BF7D2FA004ACC93 /* libsqlite3.tbd in Frameworks */ = {isa = PBXBuildFile; fileRef = FEA04CA91BF7D2FA004ACC93 /* libsqlite3.tbd */; };
		FEA04CAC1BF7D308004ACC93 /* Accounts.framework in Frameworks */ = {isa = PBXBuildFile; fileRef = FEA04CAB1BF7D308004ACC93 /* Accounts.framework */; };
		FEA04CAE1BF7D30D004ACC93 /* Social.framework in Frameworks */ = {isa = PBXBuildFile; fileRef = FEA04CAD1BF7D30D004ACC93 /* Social.framework */; };
		FEA04CB11BF7D60C004ACC93 /* WelcomeViewController.m in Sources */ = {isa = PBXBuildFile; fileRef = FEA04CB01BF7D60C004ACC93 /* WelcomeViewController.m */; };
		FEA04CB41BF7D838004ACC93 /* SignUpViewController.m in Sources */ = {isa = PBXBuildFile; fileRef = FEA04CB31BF7D838004ACC93 /* SignUpViewController.m */; };
		FEA04CB71BF7D94F004ACC93 /* LoginViewController.m in Sources */ = {isa = PBXBuildFile; fileRef = FEA04CB61BF7D94F004ACC93 /* LoginViewController.m */; };
		FEA04CBA1BF7E931004ACC93 /* BuddyTableViewCell.m in Sources */ = {isa = PBXBuildFile; fileRef = FEA04CB91BF7E931004ACC93 /* BuddyTableViewCell.m */; };
		FEA04CBC1BF7EC65004ACC93 /* profile.png in Resources */ = {isa = PBXBuildFile; fileRef = FEA04CBB1BF7EC65004ACC93 /* profile.png */; };
		FEA04CBF1BF80347004ACC93 /* AccountViewController.m in Sources */ = {isa = PBXBuildFile; fileRef = FEA04CBE1BF80346004ACC93 /* AccountViewController.m */; };
		FEA04CC91BF81229004ACC93 /* SVIndefiniteAnimatedView.m in Sources */ = {isa = PBXBuildFile; fileRef = FEA04CC21BF81228004ACC93 /* SVIndefiniteAnimatedView.m */; };
		FEA04CCA1BF81229004ACC93 /* SVProgressHUD.bundle in Resources */ = {isa = PBXBuildFile; fileRef = FEA04CC41BF81228004ACC93 /* SVProgressHUD.bundle */; };
		FEA04CCB1BF81229004ACC93 /* SVProgressHUD.m in Sources */ = {isa = PBXBuildFile; fileRef = FEA04CC61BF81229004ACC93 /* SVProgressHUD.m */; };
		FEA04CCC1BF81229004ACC93 /* SVRadialGradientLayer.m in Sources */ = {isa = PBXBuildFile; fileRef = FEA04CC81BF81229004ACC93 /* SVRadialGradientLayer.m */; };
		FEA04CCF1BF81CFE004ACC93 /* ActivityTableViewController.m in Sources */ = {isa = PBXBuildFile; fileRef = FEA04CCE1BF81CFE004ACC93 /* ActivityTableViewController.m */; };
		FEA04CD21BF82ADB004ACC93 /* MontserratAlternates-Bold.ttf in Resources */ = {isa = PBXBuildFile; fileRef = FEA04CD01BF82ADB004ACC93 /* MontserratAlternates-Bold.ttf */; };
		FEA04CD31BF82ADB004ACC93 /* MontserratAlternates-Regular.ttf in Resources */ = {isa = PBXBuildFile; fileRef = FEA04CD11BF82ADB004ACC93 /* MontserratAlternates-Regular.ttf */; };
		FEA04CD71BF82AE7004ACC93 /* Comfortaa-Bold.ttf in Resources */ = {isa = PBXBuildFile; fileRef = FEA04CD41BF82AE7004ACC93 /* Comfortaa-Bold.ttf */; };
		FEA04CD81BF82AE7004ACC93 /* Comfortaa-Light.ttf in Resources */ = {isa = PBXBuildFile; fileRef = FEA04CD51BF82AE7004ACC93 /* Comfortaa-Light.ttf */; };
		FEA04CD91BF82AE7004ACC93 /* Comfortaa-Regular.ttf in Resources */ = {isa = PBXBuildFile; fileRef = FEA04CD61BF82AE7004ACC93 /* Comfortaa-Regular.ttf */; };
		FEA04CED1BF82E66004ACC93 /* Icon-60.png in Resources */ = {isa = PBXBuildFile; fileRef = FEA04CDB1BF82E66004ACC93 /* Icon-60.png */; };
		FEA04CEE1BF82E66004ACC93 /* Icon-60@2x.png in Resources */ = {isa = PBXBuildFile; fileRef = FEA04CDC1BF82E66004ACC93 /* Icon-60@2x.png */; };
		FEA04CEF1BF82E66004ACC93 /* Icon-60@3x.png in Resources */ = {isa = PBXBuildFile; fileRef = FEA04CDD1BF82E66004ACC93 /* Icon-60@3x.png */; };
		FEA04CF01BF82E66004ACC93 /* Icon-72.png in Resources */ = {isa = PBXBuildFile; fileRef = FEA04CDE1BF82E66004ACC93 /* Icon-72.png */; };
		FEA04CF11BF82E66004ACC93 /* Icon-72@2x.png in Resources */ = {isa = PBXBuildFile; fileRef = FEA04CDF1BF82E66004ACC93 /* Icon-72@2x.png */; };
		FEA04CF21BF82E66004ACC93 /* Icon-76.png in Resources */ = {isa = PBXBuildFile; fileRef = FEA04CE01BF82E66004ACC93 /* Icon-76.png */; };
		FEA04CF31BF82E66004ACC93 /* Icon-76@2x.png in Resources */ = {isa = PBXBuildFile; fileRef = FEA04CE11BF82E66004ACC93 /* Icon-76@2x.png */; };
		FEA04CF41BF82E66004ACC93 /* Icon-167.png in Resources */ = {isa = PBXBuildFile; fileRef = FEA04CE21BF82E66004ACC93 /* Icon-167.png */; };
		FEA04CF51BF82E66004ACC93 /* Icon-Small-40.png in Resources */ = {isa = PBXBuildFile; fileRef = FEA04CE31BF82E66004ACC93 /* Icon-Small-40.png */; };
		FEA04CF61BF82E66004ACC93 /* Icon-Small-40@2x.png in Resources */ = {isa = PBXBuildFile; fileRef = FEA04CE41BF82E66004ACC93 /* Icon-Small-40@2x.png */; };
		FEA04CF71BF82E66004ACC93 /* Icon-Small-40@3x.png in Resources */ = {isa = PBXBuildFile; fileRef = FEA04CE51BF82E66004ACC93 /* Icon-Small-40@3x.png */; };
		FEA04CF81BF82E66004ACC93 /* Icon-Small-50.png in Resources */ = {isa = PBXBuildFile; fileRef = FEA04CE61BF82E66004ACC93 /* Icon-Small-50.png */; };
		FEA04CF91BF82E66004ACC93 /* Icon-Small-50@2x.png in Resources */ = {isa = PBXBuildFile; fileRef = FEA04CE71BF82E66004ACC93 /* Icon-Small-50@2x.png */; };
		FEA04CFA1BF82E66004ACC93 /* Icon-Small.png in Resources */ = {isa = PBXBuildFile; fileRef = FEA04CE81BF82E66004ACC93 /* Icon-Small.png */; };
		FEA04CFB1BF82E66004ACC93 /* Icon-Small@2x.png in Resources */ = {isa = PBXBuildFile; fileRef = FEA04CE91BF82E66004ACC93 /* Icon-Small@2x.png */; };
		FEA04CFC1BF82E66004ACC93 /* Icon-Small@3x.png in Resources */ = {isa = PBXBuildFile; fileRef = FEA04CEA1BF82E66004ACC93 /* Icon-Small@3x.png */; };
		FEA04CFD1BF82E66004ACC93 /* Icon.png in Resources */ = {isa = PBXBuildFile; fileRef = FEA04CEB1BF82E66004ACC93 /* Icon.png */; };
		FEA04CFE1BF82E66004ACC93 /* Icon@2x.png in Resources */ = {isa = PBXBuildFile; fileRef = FEA04CEC1BF82E66004ACC93 /* Icon@2x.png */; };
/* End PBXBuildFile section */

/* Begin PBXContainerItemProxy section */
		FE1595201BF7CDDA008670B4 /* PBXContainerItemProxy */ = {
			isa = PBXContainerItemProxy;
			containerPortal = FE1594FE1BF7CDDA008670B4 /* Project object */;
			proxyType = 1;
			remoteGlobalIDString = FE1595051BF7CDDA008670B4;
			remoteInfo = TrainWithMe;
		};
		FE15952B1BF7CDDA008670B4 /* PBXContainerItemProxy */ = {
			isa = PBXContainerItemProxy;
			containerPortal = FE1594FE1BF7CDDA008670B4 /* Project object */;
			proxyType = 1;
			remoteGlobalIDString = FE1595051BF7CDDA008670B4;
			remoteInfo = TrainWithMe;
		};
/* End PBXContainerItemProxy section */

/* Begin PBXFileReference section */
		FE1595061BF7CDDA008670B4 /* TrainWithMe.app */ = {isa = PBXFileReference; explicitFileType = wrapper.application; includeInIndex = 0; path = TrainWithMe.app; sourceTree = BUILT_PRODUCTS_DIR; };
		FE15950A1BF7CDDA008670B4 /* main.m */ = {isa = PBXFileReference; lastKnownFileType = sourcecode.c.objc; path = main.m; sourceTree = "<group>"; };
		FE15950C1BF7CDDA008670B4 /* AppDelegate.h */ = {isa = PBXFileReference; lastKnownFileType = sourcecode.c.h; path = AppDelegate.h; sourceTree = "<group>"; };
		FE15950D1BF7CDDA008670B4 /* AppDelegate.m */ = {isa = PBXFileReference; lastKnownFileType = sourcecode.c.objc; path = AppDelegate.m; sourceTree = "<group>"; };
		FE15950F1BF7CDDA008670B4 /* ViewController.h */ = {isa = PBXFileReference; lastKnownFileType = sourcecode.c.h; path = ViewController.h; sourceTree = "<group>"; };
		FE1595101BF7CDDA008670B4 /* ViewController.m */ = {isa = PBXFileReference; lastKnownFileType = sourcecode.c.objc; path = ViewController.m; sourceTree = "<group>"; };
		FE1595131BF7CDDA008670B4 /* Base */ = {isa = PBXFileReference; lastKnownFileType = file.storyboard; name = Base; path = Base.lproj/Main.storyboard; sourceTree = "<group>"; };
		FE1595151BF7CDDA008670B4 /* Assets.xcassets */ = {isa = PBXFileReference; lastKnownFileType = folder.assetcatalog; path = Assets.xcassets; sourceTree = "<group>"; };
		FE1595181BF7CDDA008670B4 /* Base */ = {isa = PBXFileReference; lastKnownFileType = file.storyboard; name = Base; path = Base.lproj/LaunchScreen.storyboard; sourceTree = "<group>"; };
		FE15951A1BF7CDDA008670B4 /* Info.plist */ = {isa = PBXFileReference; lastKnownFileType = text.plist.xml; path = Info.plist; sourceTree = "<group>"; };
		FE15951F1BF7CDDA008670B4 /* TrainWithMeTests.xctest */ = {isa = PBXFileReference; explicitFileType = wrapper.cfbundle; includeInIndex = 0; path = TrainWithMeTests.xctest; sourceTree = BUILT_PRODUCTS_DIR; };
		FE1595231BF7CDDA008670B4 /* TrainWithMeTests.m */ = {isa = PBXFileReference; lastKnownFileType = sourcecode.c.objc; path = TrainWithMeTests.m; sourceTree = "<group>"; };
		FE1595251BF7CDDA008670B4 /* Info.plist */ = {isa = PBXFileReference; lastKnownFileType = text.plist.xml; path = Info.plist; sourceTree = "<group>"; };
		FE15952A1BF7CDDA008670B4 /* TrainWithMeUITests.xctest */ = {isa = PBXFileReference; explicitFileType = wrapper.cfbundle; includeInIndex = 0; path = TrainWithMeUITests.xctest; sourceTree = BUILT_PRODUCTS_DIR; };
		FE15952E1BF7CDDA008670B4 /* TrainWithMeUITests.m */ = {isa = PBXFileReference; lastKnownFileType = sourcecode.c.objc; path = TrainWithMeUITests.m; sourceTree = "<group>"; };
		FE1595301BF7CDDA008670B4 /* Info.plist */ = {isa = PBXFileReference; lastKnownFileType = text.plist.xml; path = Info.plist; sourceTree = "<group>"; };
		FEA04C931BF7D267004ACC93 /* Bolts.framework */ = {isa = PBXFileReference; lastKnownFileType = wrapper.framework; path = Bolts.framework; sourceTree = "<group>"; };
		FEA04C941BF7D267004ACC93 /* Parse.framework */ = {isa = PBXFileReference; lastKnownFileType = wrapper.framework; path = Parse.framework; sourceTree = "<group>"; };
		FEA04C971BF7D298004ACC93 /* AudioToolbox.framework */ = {isa = PBXFileReference; lastKnownFileType = wrapper.framework; name = AudioToolbox.framework; path = System/Library/Frameworks/AudioToolbox.framework; sourceTree = SDKROOT; };
		FEA04C991BF7D2A0004ACC93 /* CFNetwork.framework */ = {isa = PBXFileReference; lastKnownFileType = wrapper.framework; name = CFNetwork.framework; path = System/Library/Frameworks/CFNetwork.framework; sourceTree = SDKROOT; };
		FEA04C9B1BF7D2A9004ACC93 /* CoreGraphics.framework */ = {isa = PBXFileReference; lastKnownFileType = wrapper.framework; name = CoreGraphics.framework; path = System/Library/Frameworks/CoreGraphics.framework; sourceTree = SDKROOT; };
		FEA04C9D1BF7D2D3004ACC93 /* CoreLocation.framework */ = {isa = PBXFileReference; lastKnownFileType = wrapper.framework; name = CoreLocation.framework; path = System/Library/Frameworks/CoreLocation.framework; sourceTree = SDKROOT; };
		FEA04C9F1BF7D2D7004ACC93 /* QuartzCore.framework */ = {isa = PBXFileReference; lastKnownFileType = wrapper.framework; name = QuartzCore.framework; path = System/Library/Frameworks/QuartzCore.framework; sourceTree = SDKROOT; };
		FEA04CA11BF7D2DC004ACC93 /* Security.framework */ = {isa = PBXFileReference; lastKnownFileType = wrapper.framework; name = Security.framework; path = System/Library/Frameworks/Security.framework; sourceTree = SDKROOT; };
		FEA04CA31BF7D2E0004ACC93 /* StoreKit.framework */ = {isa = PBXFileReference; lastKnownFileType = wrapper.framework; name = StoreKit.framework; path = System/Library/Frameworks/StoreKit.framework; sourceTree = SDKROOT; };
		FEA04CA51BF7D2E4004ACC93 /* SystemConfiguration.framework */ = {isa = PBXFileReference; lastKnownFileType = wrapper.framework; name = SystemConfiguration.framework; path = System/Library/Frameworks/SystemConfiguration.framework; sourceTree = SDKROOT; };
		FEA04CA71BF7D2ED004ACC93 /* libz.tbd */ = {isa = PBXFileReference; lastKnownFileType = "sourcecode.text-based-dylib-definition"; name = libz.tbd; path = usr/lib/libz.tbd; sourceTree = SDKROOT; };
		FEA04CA91BF7D2FA004ACC93 /* libsqlite3.tbd */ = {isa = PBXFileReference; lastKnownFileType = "sourcecode.text-based-dylib-definition"; name = libsqlite3.tbd; path = usr/lib/libsqlite3.tbd; sourceTree = SDKROOT; };
		FEA04CAB1BF7D308004ACC93 /* Accounts.framework */ = {isa = PBXFileReference; lastKnownFileType = wrapper.framework; name = Accounts.framework; path = System/Library/Frameworks/Accounts.framework; sourceTree = SDKROOT; };
		FEA04CAD1BF7D30D004ACC93 /* Social.framework */ = {isa = PBXFileReference; lastKnownFileType = wrapper.framework; name = Social.framework; path = System/Library/Frameworks/Social.framework; sourceTree = SDKROOT; };
		FEA04CAF1BF7D60C004ACC93 /* WelcomeViewController.h */ = {isa = PBXFileReference; fileEncoding = 4; lastKnownFileType = sourcecode.c.h; path = WelcomeViewController.h; sourceTree = "<group>"; };
		FEA04CB01BF7D60C004ACC93 /* WelcomeViewController.m */ = {isa = PBXFileReference; fileEncoding = 4; lastKnownFileType = sourcecode.c.objc; path = WelcomeViewController.m; sourceTree = "<group>"; };
		FEA04CB21BF7D838004ACC93 /* SignUpViewController.h */ = {isa = PBXFileReference; fileEncoding = 4; lastKnownFileType = sourcecode.c.h; path = SignUpViewController.h; sourceTree = "<group>"; };
		FEA04CB31BF7D838004ACC93 /* SignUpViewController.m */ = {isa = PBXFileReference; fileEncoding = 4; lastKnownFileType = sourcecode.c.objc; path = SignUpViewController.m; sourceTree = "<group>"; };
		FEA04CB51BF7D94F004ACC93 /* LoginViewController.h */ = {isa = PBXFileReference; fileEncoding = 4; lastKnownFileType = sourcecode.c.h; path = LoginViewController.h; sourceTree = "<group>"; };
		FEA04CB61BF7D94F004ACC93 /* LoginViewController.m */ = {isa = PBXFileReference; fileEncoding = 4; lastKnownFileType = sourcecode.c.objc; path = LoginViewController.m; sourceTree = "<group>"; };
		FEA04CB81BF7E931004ACC93 /* BuddyTableViewCell.h */ = {isa = PBXFileReference; fileEncoding = 4; lastKnownFileType = sourcecode.c.h; path = BuddyTableViewCell.h; sourceTree = "<group>"; };
		FEA04CB91BF7E931004ACC93 /* BuddyTableViewCell.m */ = {isa = PBXFileReference; fileEncoding = 4; lastKnownFileType = sourcecode.c.objc; path = BuddyTableViewCell.m; sourceTree = "<group>"; };
		FEA04CBB1BF7EC65004ACC93 /* profile.png */ = {isa = PBXFileReference; lastKnownFileType = image.png; path = profile.png; sourceTree = "<group>"; };
		FEA04CBD1BF80346004ACC93 /* AccountViewController.h */ = {isa = PBXFileReference; fileEncoding = 4; lastKnownFileType = sourcecode.c.h; path = AccountViewController.h; sourceTree = "<group>"; };
		FEA04CBE1BF80346004ACC93 /* AccountViewController.m */ = {isa = PBXFileReference; fileEncoding = 4; lastKnownFileType = sourcecode.c.objc; path = AccountViewController.m; sourceTree = "<group>"; };
		FEA04CC11BF81228004ACC93 /* SVIndefiniteAnimatedView.h */ = {isa = PBXFileReference; fileEncoding = 4; lastKnownFileType = sourcecode.c.h; path = SVIndefiniteAnimatedView.h; sourceTree = "<group>"; };
		FEA04CC21BF81228004ACC93 /* SVIndefiniteAnimatedView.m */ = {isa = PBXFileReference; fileEncoding = 4; lastKnownFileType = sourcecode.c.objc; path = SVIndefiniteAnimatedView.m; sourceTree = "<group>"; };
		FEA04CC31BF81228004ACC93 /* SVProgressHUD-Prefix.pch */ = {isa = PBXFileReference; fileEncoding = 4; lastKnownFileType = sourcecode.c.h; path = "SVProgressHUD-Prefix.pch"; sourceTree = "<group>"; };
		FEA04CC41BF81228004ACC93 /* SVProgressHUD.bundle */ = {isa = PBXFileReference; lastKnownFileType = "wrapper.plug-in"; path = SVProgressHUD.bundle; sourceTree = "<group>"; };
		FEA04CC51BF81229004ACC93 /* SVProgressHUD.h */ = {isa = PBXFileReference; fileEncoding = 4; lastKnownFileType = sourcecode.c.h; path = SVProgressHUD.h; sourceTree = "<group>"; };
		FEA04CC61BF81229004ACC93 /* SVProgressHUD.m */ = {isa = PBXFileReference; fileEncoding = 4; lastKnownFileType = sourcecode.c.objc; path = SVProgressHUD.m; sourceTree = "<group>"; };
		FEA04CC71BF81229004ACC93 /* SVRadialGradientLayer.h */ = {isa = PBXFileReference; fileEncoding = 4; lastKnownFileType = sourcecode.c.h; path = SVRadialGradientLayer.h; sourceTree = "<group>"; };
		FEA04CC81BF81229004ACC93 /* SVRadialGradientLayer.m */ = {isa = PBXFileReference; fileEncoding = 4; lastKnownFileType = sourcecode.c.objc; path = SVRadialGradientLayer.m; sourceTree = "<group>"; };
		FEA04CCD1BF81CFE004ACC93 /* ActivityTableViewController.h */ = {isa = PBXFileReference; fileEncoding = 4; lastKnownFileType = sourcecode.c.h; path = ActivityTableViewController.h; sourceTree = "<group>"; };
		FEA04CCE1BF81CFE004ACC93 /* ActivityTableViewController.m */ = {isa = PBXFileReference; fileEncoding = 4; lastKnownFileType = sourcecode.c.objc; path = ActivityTableViewController.m; sourceTree = "<group>"; };
		FEA04CD01BF82ADB004ACC93 /* MontserratAlternates-Bold.ttf */ = {isa = PBXFileReference; lastKnownFileType = file; path = "MontserratAlternates-Bold.ttf"; sourceTree = "<group>"; };
		FEA04CD11BF82ADB004ACC93 /* MontserratAlternates-Regular.ttf */ = {isa = PBXFileReference; lastKnownFileType = file; path = "MontserratAlternates-Regular.ttf"; sourceTree = "<group>"; };
		FEA04CD41BF82AE7004ACC93 /* Comfortaa-Bold.ttf */ = {isa = PBXFileReference; lastKnownFileType = file; path = "Comfortaa-Bold.ttf"; sourceTree = "<group>"; };
		FEA04CD51BF82AE7004ACC93 /* Comfortaa-Light.ttf */ = {isa = PBXFileReference; lastKnownFileType = file; path = "Comfortaa-Light.ttf"; sourceTree = "<group>"; };
		FEA04CD61BF82AE7004ACC93 /* Comfortaa-Regular.ttf */ = {isa = PBXFileReference; lastKnownFileType = file; path = "Comfortaa-Regular.ttf"; sourceTree = "<group>"; };
		FEA04CDB1BF82E66004ACC93 /* Icon-60.png */ = {isa = PBXFileReference; lastKnownFileType = image.png; path = "Icon-60.png"; sourceTree = "<group>"; };
		FEA04CDC1BF82E66004ACC93 /* Icon-60@2x.png */ = {isa = PBXFileReference; lastKnownFileType = image.png; path = "Icon-60@2x.png"; sourceTree = "<group>"; };
		FEA04CDD1BF82E66004ACC93 /* Icon-60@3x.png */ = {isa = PBXFileReference; lastKnownFileType = image.png; path = "Icon-60@3x.png"; sourceTree = "<group>"; };
		FEA04CDE1BF82E66004ACC93 /* Icon-72.png */ = {isa = PBXFileReference; lastKnownFileType = image.png; path = "Icon-72.png"; sourceTree = "<group>"; };
		FEA04CDF1BF82E66004ACC93 /* Icon-72@2x.png */ = {isa = PBXFileReference; lastKnownFileType = image.png; path = "Icon-72@2x.png"; sourceTree = "<group>"; };
		FEA04CE01BF82E66004ACC93 /* Icon-76.png */ = {isa = PBXFileReference; lastKnownFileType = image.png; path = "Icon-76.png"; sourceTree = "<group>"; };
		FEA04CE11BF82E66004ACC93 /* Icon-76@2x.png */ = {isa = PBXFileReference; lastKnownFileType = image.png; path = "Icon-76@2x.png"; sourceTree = "<group>"; };
		FEA04CE21BF82E66004ACC93 /* Icon-167.png */ = {isa = PBXFileReference; lastKnownFileType = image.png; path = "Icon-167.png"; sourceTree = "<group>"; };
		FEA04CE31BF82E66004ACC93 /* Icon-Small-40.png */ = {isa = PBXFileReference; lastKnownFileType = image.png; path = "Icon-Small-40.png"; sourceTree = "<group>"; };
		FEA04CE41BF82E66004ACC93 /* Icon-Small-40@2x.png */ = {isa = PBXFileReference; lastKnownFileType = image.png; path = "Icon-Small-40@2x.png"; sourceTree = "<group>"; };
		FEA04CE51BF82E66004ACC93 /* Icon-Small-40@3x.png */ = {isa = PBXFileReference; lastKnownFileType = image.png; path = "Icon-Small-40@3x.png"; sourceTree = "<group>"; };
		FEA04CE61BF82E66004ACC93 /* Icon-Small-50.png */ = {isa = PBXFileReference; lastKnownFileType = image.png; path = "Icon-Small-50.png"; sourceTree = "<group>"; };
		FEA04CE71BF82E66004ACC93 /* Icon-Small-50@2x.png */ = {isa = PBXFileReference; lastKnownFileType = image.png; path = "Icon-Small-50@2x.png"; sourceTree = "<group>"; };
		FEA04CE81BF82E66004ACC93 /* Icon-Small.png */ = {isa = PBXFileReference; lastKnownFileType = image.png; path = "Icon-Small.png"; sourceTree = "<group>"; };
		FEA04CE91BF82E66004ACC93 /* Icon-Small@2x.png */ = {isa = PBXFileReference; lastKnownFileType = image.png; path = "Icon-Small@2x.png"; sourceTree = "<group>"; };
		FEA04CEA1BF82E66004ACC93 /* Icon-Small@3x.png */ = {isa = PBXFileReference; lastKnownFileType = image.png; path = "Icon-Small@3x.png"; sourceTree = "<group>"; };
		FEA04CEB1BF82E66004ACC93 /* Icon.png */ = {isa = PBXFileReference; lastKnownFileType = image.png; path = Icon.png; sourceTree = "<group>"; };
		FEA04CEC1BF82E66004ACC93 /* Icon@2x.png */ = {isa = PBXFileReference; lastKnownFileType = image.png; path = "Icon@2x.png"; sourceTree = "<group>"; };
/* End PBXFileReference section */

/* Begin PBXFrameworksBuildPhase section */
		FE1595031BF7CDDA008670B4 /* Frameworks */ = {
			isa = PBXFrameworksBuildPhase;
			buildActionMask = 2147483647;
			files = (
				FEA04CAE1BF7D30D004ACC93 /* Social.framework in Frameworks */,
				FEA04CAC1BF7D308004ACC93 /* Accounts.framework in Frameworks */,
				FEA04CAA1BF7D2FA004ACC93 /* libsqlite3.tbd in Frameworks */,
				FEA04CA81BF7D2ED004ACC93 /* libz.tbd in Frameworks */,
				FEA04CA61BF7D2E4004ACC93 /* SystemConfiguration.framework in Frameworks */,
				FEA04CA41BF7D2E0004ACC93 /* StoreKit.framework in Frameworks */,
				FEA04CA21BF7D2DC004ACC93 /* Security.framework in Frameworks */,
				FEA04CA01BF7D2D7004ACC93 /* QuartzCore.framework in Frameworks */,
				FEA04C9E1BF7D2D3004ACC93 /* CoreLocation.framework in Frameworks */,
				FEA04C9C1BF7D2A9004ACC93 /* CoreGraphics.framework in Frameworks */,
				FEA04C9A1BF7D2A0004ACC93 /* CFNetwork.framework in Frameworks */,
				FEA04C981BF7D298004ACC93 /* AudioToolbox.framework in Frameworks */,
				FEA04C961BF7D268004ACC93 /* Parse.framework in Frameworks */,
				FEA04C951BF7D267004ACC93 /* Bolts.framework in Frameworks */,
			);
			runOnlyForDeploymentPostprocessing = 0;
		};
		FE15951C1BF7CDDA008670B4 /* Frameworks */ = {
			isa = PBXFrameworksBuildPhase;
			buildActionMask = 2147483647;
			files = (
			);
			runOnlyForDeploymentPostprocessing = 0;
		};
		FE1595271BF7CDDA008670B4 /* Frameworks */ = {
			isa = PBXFrameworksBuildPhase;
			buildActionMask = 2147483647;
			files = (
			);
			runOnlyForDeploymentPostprocessing = 0;
		};
/* End PBXFrameworksBuildPhase section */

/* Begin PBXGroup section */
		FE1594FD1BF7CDDA008670B4 = {
			isa = PBXGroup;
			children = (
				FEA04CAD1BF7D30D004ACC93 /* Social.framework */,
				FEA04CAB1BF7D308004ACC93 /* Accounts.framework */,
				FEA04CA91BF7D2FA004ACC93 /* libsqlite3.tbd */,
				FEA04CA71BF7D2ED004ACC93 /* libz.tbd */,
				FEA04CA51BF7D2E4004ACC93 /* SystemConfiguration.framework */,
				FEA04CA31BF7D2E0004ACC93 /* StoreKit.framework */,
				FEA04CA11BF7D2DC004ACC93 /* Security.framework */,
				FEA04C9F1BF7D2D7004ACC93 /* QuartzCore.framework */,
				FEA04C9D1BF7D2D3004ACC93 /* CoreLocation.framework */,
				FEA04C9B1BF7D2A9004ACC93 /* CoreGraphics.framework */,
				FEA04C991BF7D2A0004ACC93 /* CFNetwork.framework */,
				FEA04C971BF7D298004ACC93 /* AudioToolbox.framework */,
				FE1595081BF7CDDA008670B4 /* TrainWithMe */,
				FE1595221BF7CDDA008670B4 /* TrainWithMeTests */,
				FE15952D1BF7CDDA008670B4 /* TrainWithMeUITests */,
				FE1595071BF7CDDA008670B4 /* Products */,
			);
			sourceTree = "<group>";
		};
		FE1595071BF7CDDA008670B4 /* Products */ = {
			isa = PBXGroup;
			children = (
				FE1595061BF7CDDA008670B4 /* TrainWithMe.app */,
				FE15951F1BF7CDDA008670B4 /* TrainWithMeTests.xctest */,
				FE15952A1BF7CDDA008670B4 /* TrainWithMeUITests.xctest */,
			);
			name = Products;
			sourceTree = "<group>";
		};
		FE1595081BF7CDDA008670B4 /* TrainWithMe */ = {
			isa = PBXGroup;
			children = (
				FEA04CC01BF81228004ACC93 /* SVProgressHUD */,
				FEA04C931BF7D267004ACC93 /* Bolts.framework */,
				FEA04C941BF7D267004ACC93 /* Parse.framework */,
				FEA04CD41BF82AE7004ACC93 /* Comfortaa-Bold.ttf */,
				FEA04CD51BF82AE7004ACC93 /* Comfortaa-Light.ttf */,
				FEA04CDA1BF82E5F004ACC93 /* Icons */,
				FEA04CD61BF82AE7004ACC93 /* Comfortaa-Regular.ttf */,
				FEA04CD01BF82ADB004ACC93 /* MontserratAlternates-Bold.ttf */,
				FEA04CD11BF82ADB004ACC93 /* MontserratAlternates-Regular.ttf */,
				FEA04CBB1BF7EC65004ACC93 /* profile.png */,
				FE15950C1BF7CDDA008670B4 /* AppDelegate.h */,
				FE15950D1BF7CDDA008670B4 /* AppDelegate.m */,
				FE15950F1BF7CDDA008670B4 /* ViewController.h */,
				FE1595101BF7CDDA008670B4 /* ViewController.m */,
				FEA04CBD1BF80346004ACC93 /* AccountViewController.h */,
				FEA04CBE1BF80346004ACC93 /* AccountViewController.m */,
				FEA04CB81BF7E931004ACC93 /* BuddyTableViewCell.h */,
				FEA04CB91BF7E931004ACC93 /* BuddyTableViewCell.m */,
				FEA04CAF1BF7D60C004ACC93 /* WelcomeViewController.h */,
				FEA04CB01BF7D60C004ACC93 /* WelcomeViewController.m */,
				FEA04CB21BF7D838004ACC93 /* SignUpViewController.h */,
				FEA04CB31BF7D838004ACC93 /* SignUpViewController.m */,
				FEA04CB51BF7D94F004ACC93 /* LoginViewController.h */,
				FEA04CB61BF7D94F004ACC93 /* LoginViewController.m */,
				FEA04CCD1BF81CFE004ACC93 /* ActivityTableViewController.h */,
				FEA04CCE1BF81CFE004ACC93 /* ActivityTableViewController.m */,
				FE1595121BF7CDDA008670B4 /* Main.storyboard */,
				FE1595151BF7CDDA008670B4 /* Assets.xcassets */,
				FE1595171BF7CDDA008670B4 /* LaunchScreen.storyboard */,
				FE15951A1BF7CDDA008670B4 /* Info.plist */,
				FE1595091BF7CDDA008670B4 /* Supporting Files */,
			);
			path = TrainWithMe;
			sourceTree = "<group>";
		};
		FE1595091BF7CDDA008670B4 /* Supporting Files */ = {
			isa = PBXGroup;
			children = (
				FE15950A1BF7CDDA008670B4 /* main.m */,
			);
			name = "Supporting Files";
			sourceTree = "<group>";
		};
		FE1595221BF7CDDA008670B4 /* TrainWithMeTests */ = {
			isa = PBXGroup;
			children = (
				FE1595231BF7CDDA008670B4 /* TrainWithMeTests.m */,
				FE1595251BF7CDDA008670B4 /* Info.plist */,
			);
			path = TrainWithMeTests;
			sourceTree = "<group>";
		};
		FE15952D1BF7CDDA008670B4 /* TrainWithMeUITests */ = {
			isa = PBXGroup;
			children = (
				FE15952E1BF7CDDA008670B4 /* TrainWithMeUITests.m */,
				FE1595301BF7CDDA008670B4 /* Info.plist */,
			);
			path = TrainWithMeUITests;
			sourceTree = "<group>";
		};
		FEA04CC01BF81228004ACC93 /* SVProgressHUD */ = {
			isa = PBXGroup;
			children = (
				FEA04CC11BF81228004ACC93 /* SVIndefiniteAnimatedView.h */,
				FEA04CC21BF81228004ACC93 /* SVIndefiniteAnimatedView.m */,
				FEA04CC31BF81228004ACC93 /* SVProgressHUD-Prefix.pch */,
				FEA04CC41BF81228004ACC93 /* SVProgressHUD.bundle */,
				FEA04CC51BF81229004ACC93 /* SVProgressHUD.h */,
				FEA04CC61BF81229004ACC93 /* SVProgressHUD.m */,
				FEA04CC71BF81229004ACC93 /* SVRadialGradientLayer.h */,
				FEA04CC81BF81229004ACC93 /* SVRadialGradientLayer.m */,
			);
			path = SVProgressHUD;
			sourceTree = "<group>";
		};
		FEA04CDA1BF82E5F004ACC93 /* Icons */ = {
			isa = PBXGroup;
			children = (
				FEA04CDB1BF82E66004ACC93 /* Icon-60.png */,
				FEA04CDC1BF82E66004ACC93 /* Icon-60@2x.png */,
				FEA04CDD1BF82E66004ACC93 /* Icon-60@3x.png */,
				FEA04CDE1BF82E66004ACC93 /* Icon-72.png */,
				FEA04CDF1BF82E66004ACC93 /* Icon-72@2x.png */,
				FEA04CE01BF82E66004ACC93 /* Icon-76.png */,
				FEA04CE11BF82E66004ACC93 /* Icon-76@2x.png */,
				FEA04CE21BF82E66004ACC93 /* Icon-167.png */,
				FEA04CE31BF82E66004ACC93 /* Icon-Small-40.png */,
				FEA04CE41BF82E66004ACC93 /* Icon-Small-40@2x.png */,
				FEA04CE51BF82E66004ACC93 /* Icon-Small-40@3x.png */,
				FEA04CE61BF82E66004ACC93 /* Icon-Small-50.png */,
				FEA04CE71BF82E66004ACC93 /* Icon-Small-50@2x.png */,
				FEA04CE81BF82E66004ACC93 /* Icon-Small.png */,
				FEA04CE91BF82E66004ACC93 /* Icon-Small@2x.png */,
				FEA04CEA1BF82E66004ACC93 /* Icon-Small@3x.png */,
				FEA04CEB1BF82E66004ACC93 /* Icon.png */,
				FEA04CEC1BF82E66004ACC93 /* Icon@2x.png */,
			);
			name = Icons;
			sourceTree = "<group>";
		};
/* End PBXGroup section */

/* Begin PBXNativeTarget section */
		FE1595051BF7CDDA008670B4 /* TrainWithMe */ = {
			isa = PBXNativeTarget;
			buildConfigurationList = FE1595331BF7CDDA008670B4 /* Build configuration list for PBXNativeTarget "TrainWithMe" */;
			buildPhases = (
				FE1595021BF7CDDA008670B4 /* Sources */,
				FE1595031BF7CDDA008670B4 /* Frameworks */,
				FE1595041BF7CDDA008670B4 /* Resources */,
			);
			buildRules = (
			);
			dependencies = (
			);
			name = TrainWithMe;
			productName = TrainWithMe;
			productReference = FE1595061BF7CDDA008670B4 /* TrainWithMe.app */;
			productType = "com.apple.product-type.application";
		};
		FE15951E1BF7CDDA008670B4 /* TrainWithMeTests */ = {
			isa = PBXNativeTarget;
			buildConfigurationList = FE1595361BF7CDDA008670B4 /* Build configuration list for PBXNativeTarget "TrainWithMeTests" */;
			buildPhases = (
				FE15951B1BF7CDDA008670B4 /* Sources */,
				FE15951C1BF7CDDA008670B4 /* Frameworks */,
				FE15951D1BF7CDDA008670B4 /* Resources */,
			);
			buildRules = (
			);
			dependencies = (
				FE1595211BF7CDDA008670B4 /* PBXTargetDependency */,
			);
			name = TrainWithMeTests;
			productName = TrainWithMeTests;
			productReference = FE15951F1BF7CDDA008670B4 /* TrainWithMeTests.xctest */;
			productType = "com.apple.product-type.bundle.unit-test";
		};
		FE1595291BF7CDDA008670B4 /* TrainWithMeUITests */ = {
			isa = PBXNativeTarget;
			buildConfigurationList = FE1595391BF7CDDA008670B4 /* Build configuration list for PBXNativeTarget "TrainWithMeUITests" */;
			buildPhases = (
				FE1595261BF7CDDA008670B4 /* Sources */,
				FE1595271BF7CDDA008670B4 /* Frameworks */,
				FE1595281BF7CDDA008670B4 /* Resources */,
			);
			buildRules = (
			);
			dependencies = (
				FE15952C1BF7CDDA008670B4 /* PBXTargetDependency */,
			);
			name = TrainWithMeUITests;
			productName = TrainWithMeUITests;
			productReference = FE15952A1BF7CDDA008670B4 /* TrainWithMeUITests.xctest */;
			productType = "com.apple.product-type.bundle.ui-testing";
		};
/* End PBXNativeTarget section */

/* Begin PBXProject section */
		FE1594FE1BF7CDDA008670B4 /* Project object */ = {
			isa = PBXProject;
			attributes = {
				LastUpgradeCheck = 0710;
				ORGANIZATIONNAME = OHIOHack;
				TargetAttributes = {
					FE1595051BF7CDDA008670B4 = {
						CreatedOnToolsVersion = 7.1;
					};
					FE15951E1BF7CDDA008670B4 = {
						CreatedOnToolsVersion = 7.1;
						TestTargetID = FE1595051BF7CDDA008670B4;
					};
					FE1595291BF7CDDA008670B4 = {
						CreatedOnToolsVersion = 7.1;
						TestTargetID = FE1595051BF7CDDA008670B4;
					};
				};
			};
			buildConfigurationList = FE1595011BF7CDDA008670B4 /* Build configuration list for PBXProject "TrainWithMe" */;
			compatibilityVersion = "Xcode 3.2";
			developmentRegion = English;
			hasScannedForEncodings = 0;
			knownRegions = (
				en,
				Base,
			);
			mainGroup = FE1594FD1BF7CDDA008670B4;
			productRefGroup = FE1595071BF7CDDA008670B4 /* Products */;
			projectDirPath = "";
			projectRoot = "";
			targets = (
				FE1595051BF7CDDA008670B4 /* TrainWithMe */,
				FE15951E1BF7CDDA008670B4 /* TrainWithMeTests */,
				FE1595291BF7CDDA008670B4 /* TrainWithMeUITests */,
			);
		};
/* End PBXProject section */

/* Begin PBXResourcesBuildPhase section */
		FE1595041BF7CDDA008670B4 /* Resources */ = {
			isa = PBXResourcesBuildPhase;
			buildActionMask = 2147483647;
			files = (
				FEA04CFD1BF82E66004ACC93 /* Icon.png in Resources */,
				FEA04CF51BF82E66004ACC93 /* Icon-Small-40.png in Resources */,
				FEA04CF61BF82E66004ACC93 /* Icon-Small-40@2x.png in Resources */,
				FEA04CD71BF82AE7004ACC93 /* Comfortaa-Bold.ttf in Resources */,
				FEA04CF21BF82E66004ACC93 /* Icon-76.png in Resources */,
				FEA04CCA1BF81229004ACC93 /* SVProgressHUD.bundle in Resources */,
				FEA04CF11BF82E66004ACC93 /* Icon-72@2x.png in Resources */,
				FEA04CD31BF82ADB004ACC93 /* MontserratAlternates-Regular.ttf in Resources */,
				FEA04CD21BF82ADB004ACC93 /* MontserratAlternates-Bold.ttf in Resources */,
				FEA04CFE1BF82E66004ACC93 /* Icon@2x.png in Resources */,
				FEA04CFA1BF82E66004ACC93 /* Icon-Small.png in Resources */,
				FEA04CF31BF82E66004ACC93 /* Icon-76@2x.png in Resources */,
				FEA04CF91BF82E66004ACC93 /* Icon-Small-50@2x.png in Resources */,
				FEA04CF41BF82E66004ACC93 /* Icon-167.png in Resources */,
				FEA04CED1BF82E66004ACC93 /* Icon-60.png in Resources */,
				FEA04CF01BF82E66004ACC93 /* Icon-72.png in Resources */,
				FEA04CFC1BF82E66004ACC93 /* Icon-Small@3x.png in Resources */,
				FEA04CD81BF82AE7004ACC93 /* Comfortaa-Light.ttf in Resources */,
				FEA04CF81BF82E66004ACC93 /* Icon-Small-50.png in Resources */,
				FE1595191BF7CDDA008670B4 /* LaunchScreen.storyboard in Resources */,
				FE1595161BF7CDDA008670B4 /* Assets.xcassets in Resources */,
				FE1595141BF7CDDA008670B4 /* Main.storyboard in Resources */,
				FEA04CF71BF82E66004ACC93 /* Icon-Small-40@3x.png in Resources */,
				FEA04CEF1BF82E66004ACC93 /* Icon-60@3x.png in Resources */,
				FEA04CD91BF82AE7004ACC93 /* Comfortaa-Regular.ttf in Resources */,
				FEA04CBC1BF7EC65004ACC93 /* profile.png in Resources */,
				FEA04CFB1BF82E66004ACC93 /* Icon-Small@2x.png in Resources */,
				FEA04CEE1BF82E66004ACC93 /* Icon-60@2x.png in Resources */,
			);
			runOnlyForDeploymentPostprocessing = 0;
		};
		FE15951D1BF7CDDA008670B4 /* Resources */ = {
			isa = PBXResourcesBuildPhase;
			buildActionMask = 2147483647;
			files = (
			);
			runOnlyForDeploymentPostprocessing = 0;
		};
		FE1595281BF7CDDA008670B4 /* Resources */ = {
			isa = PBXResourcesBuildPhase;
			buildActionMask = 2147483647;
			files = (
			);
			runOnlyForDeploymentPostprocessing = 0;
		};
/* End PBXResourcesBuildPhase section */

/* Begin PBXSourcesBuildPhase section */
		FE1595021BF7CDDA008670B4 /* Sources */ = {
			isa = PBXSourcesBuildPhase;
			buildActionMask = 2147483647;
			files = (
				FE1595111BF7CDDA008670B4 /* ViewController.m in Sources */,
				FEA04CB41BF7D838004ACC93 /* SignUpViewController.m in Sources */,
				FEA04CC91BF81229004ACC93 /* SVIndefiniteAnimatedView.m in Sources */,
				FEA04CB71BF7D94F004ACC93 /* LoginViewController.m in Sources */,
				FEA04CCF1BF81CFE004ACC93 /* ActivityTableViewController.m in Sources */,
				FEA04CBA1BF7E931004ACC93 /* BuddyTableViewCell.m in Sources */,
				FEA04CB11BF7D60C004ACC93 /* WelcomeViewController.m in Sources */,
				FE15950E1BF7CDDA008670B4 /* AppDelegate.m in Sources */,
				FEA04CCB1BF81229004ACC93 /* SVProgressHUD.m in Sources */,
				FEA04CBF1BF80347004ACC93 /* AccountViewController.m in Sources */,
				FE15950B1BF7CDDA008670B4 /* main.m in Sources */,
				FEA04CCC1BF81229004ACC93 /* SVRadialGradientLayer.m in Sources */,
			);
			runOnlyForDeploymentPostprocessing = 0;
		};
		FE15951B1BF7CDDA008670B4 /* Sources */ = {
			isa = PBXSourcesBuildPhase;
			buildActionMask = 2147483647;
			files = (
				FE1595241BF7CDDA008670B4 /* TrainWithMeTests.m in Sources */,
			);
			runOnlyForDeploymentPostprocessing = 0;
		};
		FE1595261BF7CDDA008670B4 /* Sources */ = {
			isa = PBXSourcesBuildPhase;
			buildActionMask = 2147483647;
			files = (
				FE15952F1BF7CDDA008670B4 /* TrainWithMeUITests.m in Sources */,
			);
			runOnlyForDeploymentPostprocessing = 0;
		};
/* End PBXSourcesBuildPhase section */

/* Begin PBXTargetDependency section */
		FE1595211BF7CDDA008670B4 /* PBXTargetDependency */ = {
			isa = PBXTargetDependency;
			target = FE1595051BF7CDDA008670B4 /* TrainWithMe */;
			targetProxy = FE1595201BF7CDDA008670B4 /* PBXContainerItemProxy */;
		};
		FE15952C1BF7CDDA008670B4 /* PBXTargetDependency */ = {
			isa = PBXTargetDependency;
			target = FE1595051BF7CDDA008670B4 /* TrainWithMe */;
			targetProxy = FE15952B1BF7CDDA008670B4 /* PBXContainerItemProxy */;
		};
/* End PBXTargetDependency section */

/* Begin PBXVariantGroup section */
		FE1595121BF7CDDA008670B4 /* Main.storyboard */ = {
			isa = PBXVariantGroup;
			children = (
				FE1595131BF7CDDA008670B4 /* Base */,
			);
			name = Main.storyboard;
			sourceTree = "<group>";
		};
		FE1595171BF7CDDA008670B4 /* LaunchScreen.storyboard */ = {
			isa = PBXVariantGroup;
			children = (
				FE1595181BF7CDDA008670B4 /* Base */,
			);
			name = LaunchScreen.storyboard;
			sourceTree = "<group>";
		};
/* End PBXVariantGroup section */

/* Begin XCBuildConfiguration section */
		FE1595311BF7CDDA008670B4 /* Debug */ = {
			isa = XCBuildConfiguration;
			buildSettings = {
				ALWAYS_SEARCH_USER_PATHS = NO;
				CLANG_CXX_LANGUAGE_STANDARD = "gnu++0x";
				CLANG_CXX_LIBRARY = "libc++";
				CLANG_ENABLE_MODULES = YES;
				CLANG_ENABLE_OBJC_ARC = YES;
				CLANG_WARN_BOOL_CONVERSION = YES;
				CLANG_WARN_CONSTANT_CONVERSION = YES;
				CLANG_WARN_DIRECT_OBJC_ISA_USAGE = YES_ERROR;
				CLANG_WARN_EMPTY_BODY = YES;
				CLANG_WARN_ENUM_CONVERSION = YES;
				CLANG_WARN_INT_CONVERSION = YES;
				CLANG_WARN_OBJC_ROOT_CLASS = YES_ERROR;
				CLANG_WARN_UNREACHABLE_CODE = YES;
				CLANG_WARN__DUPLICATE_METHOD_MATCH = YES;
				"CODE_SIGN_IDENTITY[sdk=iphoneos*]" = "iPhone Developer";
				COPY_PHASE_STRIP = NO;
				DEBUG_INFORMATION_FORMAT = dwarf;
				ENABLE_STRICT_OBJC_MSGSEND = YES;
				ENABLE_TESTABILITY = YES;
				GCC_C_LANGUAGE_STANDARD = gnu99;
				GCC_DYNAMIC_NO_PIC = NO;
				GCC_NO_COMMON_BLOCKS = YES;
				GCC_OPTIMIZATION_LEVEL = 0;
				GCC_PREPROCESSOR_DEFINITIONS = (
					"DEBUG=1",
					"$(inherited)",
				);
				GCC_WARN_64_TO_32_BIT_CONVERSION = YES;
				GCC_WARN_ABOUT_RETURN_TYPE = YES_ERROR;
				GCC_WARN_UNDECLARED_SELECTOR = YES;
				GCC_WARN_UNINITIALIZED_AUTOS = YES_AGGRESSIVE;
				GCC_WARN_UNUSED_FUNCTION = YES;
				GCC_WARN_UNUSED_VARIABLE = YES;
				IPHONEOS_DEPLOYMENT_TARGET = 9.1;
				MTL_ENABLE_DEBUG_INFO = YES;
				ONLY_ACTIVE_ARCH = YES;
				SDKROOT = iphoneos;
				TARGETED_DEVICE_FAMILY = "1,2";
			};
			name = Debug;
		};
		FE1595321BF7CDDA008670B4 /* Release */ = {
			isa = XCBuildConfiguration;
			buildSettings = {
				ALWAYS_SEARCH_USER_PATHS = NO;
				CLANG_CXX_LANGUAGE_STANDARD = "gnu++0x";
				CLANG_CXX_LIBRARY = "libc++";
				CLANG_ENABLE_MODULES = YES;
				CLANG_ENABLE_OBJC_ARC = YES;
				CLANG_WARN_BOOL_CONVERSION = YES;
				CLANG_WARN_CONSTANT_CONVERSION = YES;
				CLANG_WARN_DIRECT_OBJC_ISA_USAGE = YES_ERROR;
				CLANG_WARN_EMPTY_BODY = YES;
				CLANG_WARN_ENUM_CONVERSION = YES;
				CLANG_WARN_INT_CONVERSION = YES;
				CLANG_WARN_OBJC_ROOT_CLASS = YES_ERROR;
				CLANG_WARN_UNREACHABLE_CODE = YES;
				CLANG_WARN__DUPLICATE_METHOD_MATCH = YES;
				"CODE_SIGN_IDENTITY[sdk=iphoneos*]" = "iPhone Developer";
				COPY_PHASE_STRIP = NO;
				DEBUG_INFORMATION_FORMAT = "dwarf-with-dsym";
				ENABLE_NS_ASSERTIONS = NO;
				ENABLE_STRICT_OBJC_MSGSEND = YES;
				GCC_C_LANGUAGE_STANDARD = gnu99;
				GCC_NO_COMMON_BLOCKS = YES;
				GCC_WARN_64_TO_32_BIT_CONVERSION = YES;
				GCC_WARN_ABOUT_RETURN_TYPE = YES_ERROR;
				GCC_WARN_UNDECLARED_SELECTOR = YES;
				GCC_WARN_UNINITIALIZED_AUTOS = YES_AGGRESSIVE;
				GCC_WARN_UNUSED_FUNCTION = YES;
				GCC_WARN_UNUSED_VARIABLE = YES;
				IPHONEOS_DEPLOYMENT_TARGET = 9.1;
				MTL_ENABLE_DEBUG_INFO = NO;
				SDKROOT = iphoneos;
				TARGETED_DEVICE_FAMILY = "1,2";
				VALIDATE_PRODUCT = YES;
			};
			name = Release;
		};
		FE1595341BF7CDDA008670B4 /* Debug */ = {
			isa = XCBuildConfiguration;
			buildSettings = {
				ASSETCATALOG_COMPILER_APPICON_NAME = AppIcon;
				FRAMEWORK_SEARCH_PATHS = (
					"$(inherited)",
					"$(PROJECT_DIR)/TrainWithMe",
				);
				INFOPLIST_FILE = TrainWithMe/Info.plist;
				LD_RUNPATH_SEARCH_PATHS = "$(inherited) @executable_path/Frameworks";
				PRODUCT_BUNDLE_IDENTIFIER = com.hackathon.TrainWithMe;
				PRODUCT_NAME = "$(TARGET_NAME)";
			};
			name = Debug;
		};
		FE1595351BF7CDDA008670B4 /* Release */ = {
			isa = XCBuildConfiguration;
			buildSettings = {
				ASSETCATALOG_COMPILER_APPICON_NAME = AppIcon;
				FRAMEWORK_SEARCH_PATHS = (
					"$(inherited)",
					"$(PROJECT_DIR)/TrainWithMe",
				);
				INFOPLIST_FILE = TrainWithMe/Info.plist;
				LD_RUNPATH_SEARCH_PATHS = "$(inherited) @executable_path/Frameworks";
				PRODUCT_BUNDLE_IDENTIFIER = com.hackathon.TrainWithMe;
				PRODUCT_NAME = "$(TARGET_NAME)";
			};
			name = Release;
		};
		FE1595371BF7CDDA008670B4 /* Debug */ = {
			isa = XCBuildConfiguration;
			buildSettings = {
				BUNDLE_LOADER = "$(TEST_HOST)";
				INFOPLIST_FILE = TrainWithMeTests/Info.plist;
				LD_RUNPATH_SEARCH_PATHS = "$(inherited) @executable_path/Frameworks @loader_path/Frameworks";
				PRODUCT_BUNDLE_IDENTIFIER = com.hackathon.TrainWithMeTests;
				PRODUCT_NAME = "$(TARGET_NAME)";
				TEST_HOST = "$(BUILT_PRODUCTS_DIR)/TrainWithMe.app/TrainWithMe";
			};
			name = Debug;
		};
		FE1595381BF7CDDA008670B4 /* Release */ = {
			isa = XCBuildConfiguration;
			buildSettings = {
				BUNDLE_LOADER = "$(TEST_HOST)";
				INFOPLIST_FILE = TrainWithMeTests/Info.plist;
				LD_RUNPATH_SEARCH_PATHS = "$(inherited) @executable_path/Frameworks @loader_path/Frameworks";
				PRODUCT_BUNDLE_IDENTIFIER = com.hackathon.TrainWithMeTests;
				PRODUCT_NAME = "$(TARGET_NAME)";
				TEST_HOST = "$(BUILT_PRODUCTS_DIR)/TrainWithMe.app/TrainWithMe";
			};
			name = Release;
		};
		FE15953A1BF7CDDA008670B4 /* Debug */ = {
			isa = XCBuildConfiguration;
			buildSettings = {
				INFOPLIST_FILE = TrainWithMeUITests/Info.plist;
				LD_RUNPATH_SEARCH_PATHS = "$(inherited) @executable_path/Frameworks @loader_path/Frameworks";
				PRODUCT_BUNDLE_IDENTIFIER = com.hackathon.TrainWithMeUITests;
				PRODUCT_NAME = "$(TARGET_NAME)";
				TEST_TARGET_NAME = TrainWithMe;
				USES_XCTRUNNER = YES;
			};
			name = Debug;
		};
		FE15953B1BF7CDDA008670B4 /* Release */ = {
			isa = XCBuildConfiguration;
			buildSettings = {
				INFOPLIST_FILE = TrainWithMeUITests/Info.plist;
				LD_RUNPATH_SEARCH_PATHS = "$(inherited) @executable_path/Frameworks @loader_path/Frameworks";
				PRODUCT_BUNDLE_IDENTIFIER = com.hackathon.TrainWithMeUITests;
				PRODUCT_NAME = "$(TARGET_NAME)";
				TEST_TARGET_NAME = TrainWithMe;
				USES_XCTRUNNER = YES;
			};
			name = Release;
		};
/* End XCBuildConfiguration section */

/* Begin XCConfigurationList section */
		FE1595011BF7CDDA008670B4 /* Build configuration list for PBXProject "TrainWithMe" */ = {
			isa = XCConfigurationList;
			buildConfigurations = (
				FE1595311BF7CDDA008670B4 /* Debug */,
				FE1595321BF7CDDA008670B4 /* Release */,
			);
			defaultConfigurationIsVisible = 0;
			defaultConfigurationName = Release;
		};
		FE1595331BF7CDDA008670B4 /* Build configuration list for PBXNativeTarget "TrainWithMe" */ = {
			isa = XCConfigurationList;
			buildConfigurations = (
				FE1595341BF7CDDA008670B4 /* Debug */,
				FE1595351BF7CDDA008670B4 /* Release */,
			);
			defaultConfigurationIsVisible = 0;
			defaultConfigurationName = Release;
		};
		FE1595361BF7CDDA008670B4 /* Build configuration list for PBXNativeTarget "TrainWithMeTests" */ = {
			isa = XCConfigurationList;
			buildConfigurations = (
				FE1595371BF7CDDA008670B4 /* Debug */,
				FE1595381BF7CDDA008670B4 /* Release */,
			);
			defaultConfigurationIsVisible = 0;
			defaultConfigurationName = Release;
		};
		FE1595391BF7CDDA008670B4 /* Build configuration list for PBXNativeTarget "TrainWithMeUITests" */ = {
			isa = XCConfigurationList;
			buildConfigurations = (
				FE15953A1BF7CDDA008670B4 /* Debug */,
				FE15953B1BF7CDDA008670B4 /* Release */,
			);
			defaultConfigurationIsVisible = 0;
			defaultConfigurationName = Release;
		};
/* End XCConfigurationList section */
	};
	rootObject = FE1594FE1BF7CDDA008670B4 /* Project object */;
}
